
Microsoft Visual Studio Solution File, Format Version 12.00
# Visual Studio Version 16
VisualStudioVersion = 16.0.32106.194
MinimumVisualStudioVersion = 10.0.40219.1
Project("{9A19103F-16F7-4668-BE54-9A1E7A4F7556}") = "PeakVibrations", "PeakVibrations.csproj", "{792A5B67-EE4E-4E08-8452-3C754BABDC58}"
EndProject
Global
	GlobalSection(SolutionConfigurationPlatforms) = preSolution
		Debug|Any CPU = Debug|Any CPU
		Release|Any CPU = Release|Any CPU
	EndGlobalSection
	GlobalSection(ProjectConfigurationPlatforms) = postSolution
		{792A5B67-EE4E-4E08-8452-3C754BABDC58}.Debug|Any CPU.ActiveCfg = Debug|Any CPU
		{792A5B67-EE4E-4E08-8452-3C754BABDC58}.Debug|Any CPU.Build.0 = Debug|Any CPU
		{792A5B67-EE4E-4E08-8452-3C754BABDC58}.Release|Any CPU.ActiveCfg = Release|Any CPU
		{792A5B67-EE4E-4E08-8452-3C754BABDC58}.Release|Any CPU.Build.0 = Release|Any CPU
	EndGlobalSection
	GlobalSection(SolutionProperties) = preSolution
		HideSolutionNode = FALSE
	EndGlobalSection
	GlobalSection(ExtensibilityGlobals) = postSolution
		SolutionGuid = {4BB2BEBB-5322-42BE-9910-E576105B4696}
	EndGlobalSection
EndGlobal
